
Microsoft Visual Studio Solution File, Format Version 12.00
# Visual Studio 2012
Project("{FAE04EC0-301F-11D3-BF4B-00C04F79EFBC}") = "Matrixus.Web", "Matrixus.Web\Matrixus.Web.csproj", "{EC2851EA-EEAE-4E8D-A0DC-0B96374D48E3}"
EndProject
Project("{FAE04EC0-301F-11D3-BF4B-00C04F79EFBC}") = "Matrixus.Core", "Matrixus.Core\Matrixus.Core.csproj", "{DDCF6494-1C49-408D-904E-DFC300C1CD30}"
EndProject
Global
	GlobalSection(SolutionConfigurationPlatforms) = preSolution
		Debug|Any CPU = Debug|Any CPU
		Release|Any CPU = Release|Any CPU
	EndGlobalSection
	GlobalSection(ProjectConfigurationPlatforms) = postSolution
		{EC2851EA-EEAE-4E8D-A0DC-0B96374D48E3}.Debug|Any CPU.ActiveCfg = Debug|Any CPU
		{EC2851EA-EEAE-4E8D-A0DC-0B96374D48E3}.Debug|Any CPU.Build.0 = Debug|Any CPU
		{EC2851EA-EEAE-4E8D-A0DC-0B96374D48E3}.Release|Any CPU.ActiveCfg = Release|Any CPU
		{EC2851EA-EEAE-4E8D-A0DC-0B96374D48E3}.Release|Any CPU.Build.0 = Release|Any CPU
		{DDCF6494-1C49-408D-904E-DFC300C1CD30}.Debug|Any CPU.ActiveCfg = Debug|Any CPU
		{DDCF6494-1C49-408D-904E-DFC300C1CD30}.Debug|Any CPU.Build.0 = Debug|Any CPU
		{DDCF6494-1C49-408D-904E-DFC300C1CD30}.Release|Any CPU.ActiveCfg = Release|Any CPU
		{DDCF6494-1C49-408D-904E-DFC300C1CD30}.Release|Any CPU.Build.0 = Release|Any CPU
	EndGlobalSection
	GlobalSection(SolutionProperties) = preSolution
		HideSolutionNode = FALSE
	EndGlobalSection
EndGlobal
